
Microsoft Visual Studio Solution File, Format Version 12.00
# Visual Studio 15
VisualStudioVersion = 15.0.27130.2036
MinimumVisualStudioVersion = 10.0.40219.1
Project("{FAE04EC0-301F-11D3-BF4B-00C04F79EFBC}") = "DuckTorrentDB", "DuckTorrentDB\DuckTorrentDB.csproj", "{7275B6AE-B576-40B4-AAAD-F2D7790D5C55}"
EndProject
Project("{FAE04EC0-301F-11D3-BF4B-00C04F79EFBC}") = "DuckTorrentService", "DuckTorrentService\DuckTorrentService.csproj", "{A612F035-C48A-4040-A820-BDFD89FF3921}"
EndProject
Project("{FAE04EC0-301F-11D3-BF4B-00C04F79EFBC}") = "DuckTorrentClasses", "DuckTorrentClasses\DuckTorrentClasses.csproj", "{12D0E8DE-F0C1-441E-B098-A26BBB26686C}"
EndProject
Project("{FAE04EC0-301F-11D3-BF4B-00C04F79EFBC}") = "DuckTorrentClient", "DuckTorrentClient\DuckTorrentClient.csproj", "{B1C4B24F-81FE-4DAC-BB52-8BB9766593ED}"
EndProject
Project("{E24C65DC-7377-472B-9ABA-BC803B73C61A}") = "DuckTorrentWebSite", "DuckTorrentWebSite\", "{5BBFDD60-0C92-49A0-BB2A-C26C530C606C}"
	ProjectSection(WebsiteProperties) = preProject
		TargetFrameworkMoniker = ".NETFramework,Version%3Dv4.6.1"
		ProjectReferences = "{7275b6ae-b576-40b4-aaad-f2d7790d5c55}|DuckTorrentDB.dll;{12D0E8DE-F0C1-441E-B098-A26BBB26686C}|DuckTorrentClasses.dll;"
		Debug.AspNetCompiler.VirtualPath = "/localhost_53624"
		Debug.AspNetCompiler.PhysicalPath = "DuckTorrentWebSite\"
		Debug.AspNetCompiler.TargetPath = "PrecompiledWeb\localhost_53624\"
		Debug.AspNetCompiler.Updateable = "true"
		Debug.AspNetCompiler.ForceOverwrite = "true"
		Debug.AspNetCompiler.FixedNames = "false"
		Debug.AspNetCompiler.Debug = "True"
		Release.AspNetCompiler.VirtualPath = "/localhost_53624"
		Release.AspNetCompiler.PhysicalPath = "DuckTorrentWebSite\"
		Release.AspNetCompiler.TargetPath = "PrecompiledWeb\localhost_53624\"
		Release.AspNetCompiler.Updateable = "true"
		Release.AspNetCompiler.ForceOverwrite = "true"
		Release.AspNetCompiler.FixedNames = "false"
		Release.AspNetCompiler.Debug = "False"
		VWDPort = "53624"
		SlnRelativePath = "DuckTorrentWebSite\"
		DefaultWebSiteLanguage = "Visual C#"
	EndProjectSection
EndProject
Global
	GlobalSection(SolutionConfigurationPlatforms) = preSolution
		Debug|Any CPU = Debug|Any CPU
		Release|Any CPU = Release|Any CPU
	EndGlobalSection
	GlobalSection(ProjectConfigurationPlatforms) = postSolution
		{7275B6AE-B576-40B4-AAAD-F2D7790D5C55}.Debug|Any CPU.ActiveCfg = Debug|Any CPU
		{7275B6AE-B576-40B4-AAAD-F2D7790D5C55}.Debug|Any CPU.Build.0 = Debug|Any CPU
		{7275B6AE-B576-40B4-AAAD-F2D7790D5C55}.Release|Any CPU.ActiveCfg = Release|Any CPU
		{7275B6AE-B576-40B4-AAAD-F2D7790D5C55}.Release|Any CPU.Build.0 = Release|Any CPU
		{A612F035-C48A-4040-A820-BDFD89FF3921}.Debug|Any CPU.ActiveCfg = Debug|Any CPU
		{A612F035-C48A-4040-A820-BDFD89FF3921}.Debug|Any CPU.Build.0 = Debug|Any CPU
		{A612F035-C48A-4040-A820-BDFD89FF3921}.Release|Any CPU.ActiveCfg = Release|Any CPU
		{A612F035-C48A-4040-A820-BDFD89FF3921}.Release|Any CPU.Build.0 = Release|Any CPU
		{12D0E8DE-F0C1-441E-B098-A26BBB26686C}.Debug|Any CPU.ActiveCfg = Debug|Any CPU
		{12D0E8DE-F0C1-441E-B098-A26BBB26686C}.Debug|Any CPU.Build.0 = Debug|Any CPU
		{12D0E8DE-F0C1-441E-B098-A26BBB26686C}.Release|Any CPU.ActiveCfg = Release|Any CPU
		{12D0E8DE-F0C1-441E-B098-A26BBB26686C}.Release|Any CPU.Build.0 = Release|Any CPU
		{B1C4B24F-81FE-4DAC-BB52-8BB9766593ED}.Debug|Any CPU.ActiveCfg = Debug|Any CPU
		{B1C4B24F-81FE-4DAC-BB52-8BB9766593ED}.Debug|Any CPU.Build.0 = Debug|Any CPU
		{B1C4B24F-81FE-4DAC-BB52-8BB9766593ED}.Release|Any CPU.ActiveCfg = Release|Any CPU
		{B1C4B24F-81FE-4DAC-BB52-8BB9766593ED}.Release|Any CPU.Build.0 = Release|Any CPU
		{5BBFDD60-0C92-49A0-BB2A-C26C530C606C}.Debug|Any CPU.ActiveCfg = Debug|Any CPU
		{5BBFDD60-0C92-49A0-BB2A-C26C530C606C}.Debug|Any CPU.Build.0 = Debug|Any CPU
		{5BBFDD60-0C92-49A0-BB2A-C26C530C606C}.Release|Any CPU.ActiveCfg = Debug|Any CPU
		{5BBFDD60-0C92-49A0-BB2A-C26C530C606C}.Release|Any CPU.Build.0 = Debug|Any CPU
	EndGlobalSection
	GlobalSection(SolutionProperties) = preSolution
		HideSolutionNode = FALSE
	EndGlobalSection
	GlobalSection(ExtensibilityGlobals) = postSolution
		SolutionGuid = {2246F2AC-9DB8-4AC1-BC89-0514B7DD402B}
	EndGlobalSection
EndGlobal
